version: 5
environments:
  default:
    channels:
    - url: https://conda.anaconda.org/conda-forge/
    packages:
      linux-aarch64:
      - conda: https://conda.anaconda.org/conda-forge/linux-aarch64/_openmp_mutex-4.5-2_gnu.tar.bz2
      - conda: https://conda.anaconda.org/conda-forge/noarch/anyio-4.4.0-pyhd8ed1ab_0.conda
      - conda: https://conda.anaconda.org/conda-forge/noarch/apscheduler-3.10.4-pyhd8ed1ab_0.conda
      - conda: https://conda.anaconda.org/conda-forge/linux-aarch64/brotli-python-1.1.0-py311h8715677_1.conda
      - conda: https://conda.anaconda.org/conda-forge/linux-aarch64/bzip2-1.0.8-h31becfc_5.conda
      - conda: https://conda.anaconda.org/conda-forge/linux-aarch64/ca-certificates-2024.7.4-hcefe29a_0.conda
      - conda: https://conda.anaconda.org/conda-forge/noarch/cachetools-5.3.3-pyhd8ed1ab_0.conda
      - conda: https://conda.anaconda.org/conda-forge/noarch/certifi-2024.7.4-pyhd8ed1ab_0.conda
      - conda: https://conda.anaconda.org/conda-forge/linux-aarch64/cffi-1.16.0-py311h7963103_0.conda
      - conda: https://conda.anaconda.org/conda-forge/noarch/charset-normalizer-3.3.2-pyhd8ed1ab_0.conda
      - conda: https://conda.anaconda.org/conda-forge/noarch/exceptiongroup-1.2.2-pyhd8ed1ab_0.conda
      - conda: https://conda.anaconda.org/conda-forge/noarch/h11-0.14.0-pyhd8ed1ab_0.tar.bz2
      - conda: https://conda.anaconda.org/conda-forge/noarch/h2-4.1.0-pyhd8ed1ab_0.tar.bz2
      - conda: https://conda.anaconda.org/conda-forge/noarch/hpack-4.0.0-pyh9f0ad1d_0.tar.bz2
      - conda: https://conda.anaconda.org/conda-forge/noarch/httpcore-0.16.3-pyhd8ed1ab_0.conda
      - conda: https://conda.anaconda.org/conda-forge/noarch/httpx-0.23.3-pyhd8ed1ab_0.conda
      - conda: https://conda.anaconda.org/conda-forge/noarch/hyperframe-6.0.1-pyhd8ed1ab_0.tar.bz2
      - conda: https://conda.anaconda.org/conda-forge/noarch/idna-3.7-pyhd8ed1ab_0.conda
      - conda: https://conda.anaconda.org/conda-forge/noarch/importlib-metadata-8.0.0-pyha770c72_0.conda
      - conda: https://conda.anaconda.org/conda-forge/linux-aarch64/ld_impl_linux-aarch64-2.40-h9fc2d93_7.conda
      - conda: https://conda.anaconda.org/conda-forge/linux-aarch64/libffi-3.4.2-h3557bc0_5.tar.bz2
      - conda: https://conda.anaconda.org/conda-forge/linux-aarch64/libgcc-ng-14.1.0-he277a41_0.conda
      - conda: https://conda.anaconda.org/conda-forge/linux-aarch64/libgomp-14.1.0-he277a41_0.conda
      - conda: https://conda.anaconda.org/conda-forge/linux-aarch64/libnsl-2.0.1-h31becfc_0.conda
      - conda: https://conda.anaconda.org/conda-forge/linux-aarch64/libsqlite-3.46.0-hf51ef55_0.conda
      - conda: https://conda.anaconda.org/conda-forge/linux-aarch64/libstdcxx-ng-14.1.0-h3f4de04_0.conda
      - conda: https://conda.anaconda.org/conda-forge/linux-aarch64/libuuid-2.38.1-hb4cce97_0.conda
      - conda: https://conda.anaconda.org/conda-forge/linux-aarch64/libzlib-1.3.1-h68df207_1.conda
      - conda: https://conda.anaconda.org/conda-forge/linux-aarch64/ncurses-6.5-h0425590_0.conda
      - conda: https://conda.anaconda.org/conda-forge/linux-aarch64/openssl-3.3.1-h68df207_1.conda
      - conda: https://conda.anaconda.org/conda-forge/linux-aarch64/psutil-6.0.0-py311hf4892ed_0.conda
      - conda: https://conda.anaconda.org/conda-forge/noarch/pycparser-2.22-pyhd8ed1ab_0.conda
      - conda: https://conda.anaconda.org/conda-forge/noarch/pysocks-1.7.1-pyha2e5f31_6.tar.bz2
      - conda: https://conda.anaconda.org/conda-forge/linux-aarch64/python-3.11.0-ha43d526_1_cpython.conda
      - conda: https://conda.anaconda.org/conda-forge/noarch/python-dateutil-2.9.0-pyhd8ed1ab_0.conda
      - conda: https://conda.anaconda.org/conda-forge/noarch/python-telegram-bot-13.15-pyhd8ed1ab_0.conda
      - conda: https://conda.anaconda.org/conda-forge/linux-aarch64/python_abi-3.11-4_cp311.conda
      - conda: https://conda.anaconda.org/conda-forge/noarch/pytz-2024.1-pyhd8ed1ab_0.conda
      - conda: https://conda.anaconda.org/conda-forge/linux-aarch64/pyyaml-6.0.1-py311hcd402e7_1.conda
      - conda: https://conda.anaconda.org/conda-forge/linux-aarch64/readline-8.2-h8fc344f_1.conda
      - conda: https://conda.anaconda.org/conda-forge/noarch/requests-2.32.3-pyhd8ed1ab_0.conda
      - conda: https://conda.anaconda.org/conda-forge/noarch/rfc3986-1.5.0-pyhd8ed1ab_0.tar.bz2
      - conda: https://conda.anaconda.org/conda-forge/noarch/six-1.16.0-pyh6c4a22f_0.tar.bz2
      - conda: https://conda.anaconda.org/conda-forge/noarch/sniffio-1.3.1-pyhd8ed1ab_0.conda
      - conda: https://conda.anaconda.org/conda-forge/linux-aarch64/tk-8.6.13-h194ca79_0.conda
      - conda: https://conda.anaconda.org/conda-forge/linux-aarch64/tornado-6.4.1-py311h323e239_0.conda
      - conda: https://conda.anaconda.org/conda-forge/noarch/typing_extensions-4.12.2-pyha770c72_0.conda
      - conda: https://conda.anaconda.org/conda-forge/noarch/tzdata-2024a-h0c530f3_0.conda
      - conda: https://conda.anaconda.org/conda-forge/linux-aarch64/tzlocal-5.2-py311hec3470c_0.conda
      - conda: https://conda.anaconda.org/conda-forge/noarch/urllib3-2.2.2-pyhd8ed1ab_1.conda
      - conda: https://conda.anaconda.org/conda-forge/linux-aarch64/xz-5.2.6-h9cdd2b7_0.tar.bz2
      - conda: https://conda.anaconda.org/conda-forge/linux-aarch64/yaml-0.2.5-hf897c2e_2.tar.bz2
      - conda: https://conda.anaconda.org/conda-forge/noarch/zipp-3.19.2-pyhd8ed1ab_0.conda
      - conda: https://conda.anaconda.org/conda-forge/linux-aarch64/zstandard-0.22.0-py311h8938cd4_1.conda
      - conda: https://conda.anaconda.org/conda-forge/linux-aarch64/zstd-1.5.6-h02f22dd_0.conda
      osx-arm64:
      - conda: https://conda.anaconda.org/conda-forge/noarch/anyio-4.4.0-pyhd8ed1ab_0.conda
      - conda: https://conda.anaconda.org/conda-forge/noarch/apscheduler-3.10.4-pyhd8ed1ab_0.conda
      - conda: https://conda.anaconda.org/conda-forge/osx-arm64/brotli-python-1.1.0-py311ha891d26_1.conda
      - conda: https://conda.anaconda.org/conda-forge/osx-arm64/bzip2-1.0.8-h93a5062_5.conda
      - conda: https://conda.anaconda.org/conda-forge/osx-arm64/ca-certificates-2024.7.4-hf0a4a13_0.conda
      - conda: https://conda.anaconda.org/conda-forge/noarch/cachetools-5.3.3-pyhd8ed1ab_0.conda
      - conda: https://conda.anaconda.org/conda-forge/noarch/certifi-2024.7.4-pyhd8ed1ab_0.conda
      - conda: https://conda.anaconda.org/conda-forge/osx-arm64/cffi-1.16.0-py311h4a08483_0.conda
      - conda: https://conda.anaconda.org/conda-forge/noarch/charset-normalizer-3.3.2-pyhd8ed1ab_0.conda
      - conda: https://conda.anaconda.org/conda-forge/noarch/exceptiongroup-1.2.2-pyhd8ed1ab_0.conda
      - conda: https://conda.anaconda.org/conda-forge/noarch/h11-0.14.0-pyhd8ed1ab_0.tar.bz2
      - conda: https://conda.anaconda.org/conda-forge/noarch/h2-4.1.0-pyhd8ed1ab_0.tar.bz2
      - conda: https://conda.anaconda.org/conda-forge/noarch/hpack-4.0.0-pyh9f0ad1d_0.tar.bz2
      - conda: https://conda.anaconda.org/conda-forge/noarch/httpcore-0.16.3-pyhd8ed1ab_0.conda
      - conda: https://conda.anaconda.org/conda-forge/noarch/httpx-0.23.3-pyhd8ed1ab_0.conda
      - conda: https://conda.anaconda.org/conda-forge/noarch/hyperframe-6.0.1-pyhd8ed1ab_0.tar.bz2
      - conda: https://conda.anaconda.org/conda-forge/noarch/idna-3.7-pyhd8ed1ab_0.conda
      - conda: https://conda.anaconda.org/conda-forge/noarch/importlib-metadata-8.0.0-pyha770c72_0.conda
      - conda: https://conda.anaconda.org/conda-forge/osx-arm64/libcxx-18.1.8-h167917d_0.conda
      - conda: https://conda.anaconda.org/conda-forge/osx-arm64/libffi-3.4.2-h3422bc3_5.tar.bz2
      - conda: https://conda.anaconda.org/conda-forge/osx-arm64/libsqlite-3.46.0-hfb93653_0.conda
      - conda: https://conda.anaconda.org/conda-forge/osx-arm64/libzlib-1.3.1-hfb2fe0b_1.conda
      - conda: https://conda.anaconda.org/conda-forge/osx-arm64/ncurses-6.5-hb89a1cb_0.conda
      - conda: https://conda.anaconda.org/conda-forge/osx-arm64/openssl-3.3.1-hfb2fe0b_1.conda
      - conda: https://conda.anaconda.org/conda-forge/osx-arm64/psutil-6.0.0-py311hd3f4193_0.conda
      - conda: https://conda.anaconda.org/conda-forge/noarch/pycparser-2.22-pyhd8ed1ab_0.conda
      - conda: https://conda.anaconda.org/conda-forge/noarch/pysocks-1.7.1-pyha2e5f31_6.tar.bz2
      - conda: https://conda.anaconda.org/conda-forge/osx-arm64/python-3.11.0-h3ba56d0_1_cpython.conda
      - conda: https://conda.anaconda.org/conda-forge/noarch/python-dateutil-2.9.0-pyhd8ed1ab_0.conda
      - conda: https://conda.anaconda.org/conda-forge/noarch/python-telegram-bot-13.15-pyhd8ed1ab_0.conda
      - conda: https://conda.anaconda.org/conda-forge/osx-arm64/python_abi-3.11-4_cp311.conda
      - conda: https://conda.anaconda.org/conda-forge/noarch/pytz-2024.1-pyhd8ed1ab_0.conda
      - conda: https://conda.anaconda.org/conda-forge/osx-arm64/pyyaml-6.0.1-py311heffc1b2_1.conda
      - conda: https://conda.anaconda.org/conda-forge/osx-arm64/readline-8.2-h92ec313_1.conda
      - conda: https://conda.anaconda.org/conda-forge/noarch/requests-2.32.3-pyhd8ed1ab_0.conda
      - conda: https://conda.anaconda.org/conda-forge/noarch/rfc3986-1.5.0-pyhd8ed1ab_0.tar.bz2
      - conda: https://conda.anaconda.org/conda-forge/noarch/six-1.16.0-pyh6c4a22f_0.tar.bz2
      - conda: https://conda.anaconda.org/conda-forge/noarch/sniffio-1.3.1-pyhd8ed1ab_0.conda
      - conda: https://conda.anaconda.org/conda-forge/osx-arm64/tk-8.6.13-h5083fa2_1.conda
      - conda: https://conda.anaconda.org/conda-forge/osx-arm64/tornado-6.4.1-py311hd3f4193_0.conda
      - conda: https://conda.anaconda.org/conda-forge/noarch/typing_extensions-4.12.2-pyha770c72_0.conda
      - conda: https://conda.anaconda.org/conda-forge/noarch/tzdata-2024a-h0c530f3_0.conda
      - conda: https://conda.anaconda.org/conda-forge/osx-arm64/tzlocal-5.2-py311h267d04e_0.conda
      - conda: https://conda.anaconda.org/conda-forge/noarch/urllib3-2.2.2-pyhd8ed1ab_1.conda
      - conda: https://conda.anaconda.org/conda-forge/osx-arm64/xz-5.2.6-h57fd34a_0.tar.bz2
      - conda: https://conda.anaconda.org/conda-forge/osx-arm64/yaml-0.2.5-h3422bc3_2.tar.bz2
      - conda: https://conda.anaconda.org/conda-forge/noarch/zipp-3.19.2-pyhd8ed1ab_0.conda
      - conda: https://conda.anaconda.org/conda-forge/osx-arm64/zstandard-0.22.0-py311h4a6b76e_1.conda
      - conda: https://conda.anaconda.org/conda-forge/osx-arm64/zstd-1.5.6-hb46c0d2_0.conda
packages:
- kind: conda
  name: _openmp_mutex
  version: '4.5'
  build: 2_gnu
  build_number: 16
  subdir: linux-aarch64
  url: https://conda.anaconda.org/conda-forge/linux-aarch64/_openmp_mutex-4.5-2_gnu.tar.bz2
  sha256: 3702bef2f0a4d38bd8288bbe54aace623602a1343c2cfbefd3fa188e015bebf0
  md5: 6168d71addc746e8f2b8d57dfd2edcea
  depends:
  - libgomp >=7.5.0
  constrains:
  - openmp_impl 9999
  license: BSD-3-Clause
  license_family: BSD
  size: 23712
  timestamp: 1650670790230
- kind: conda
  name: anyio
  version: 4.4.0
  build: pyhd8ed1ab_0
  subdir: noarch
  noarch: python
  url: https://conda.anaconda.org/conda-forge/noarch/anyio-4.4.0-pyhd8ed1ab_0.conda
  sha256: 84ac9429812495f12939ab4994f2634f7cacd254f6234a0c2c0243daed15a7ee
  md5: 1fa97c6e8db1f82c64ff17a5efc4ae8e
  depends:
  - exceptiongroup >=1.0.2
  - idna >=2.8
  - python >=3.8
  - sniffio >=1.1
  - typing_extensions >=4.1
  constrains:
  - uvloop >=0.17
  - trio >=0.23
  license: MIT
  license_family: MIT
  size: 104255
  timestamp: 1717693144467
- kind: conda
  name: apscheduler
  version: 3.10.4
  build: pyhd8ed1ab_0
  subdir: noarch
  noarch: python
  url: https://conda.anaconda.org/conda-forge/noarch/apscheduler-3.10.4-pyhd8ed1ab_0.conda
  sha256: 0e599667c8e058a6e0eeb3d4760511f5abfb2548f18e6d2d4a467e16e8c18497
  md5: 21f47f8d68750eb436795bca9c2d75c2
  depends:
  - importlib-metadata
  - python >=3.6
  - pytz
  - six >=1.4.0
  - tzlocal >=2.0,!=3.*
  license: MIT
  license_family: MIT
  size: 46411
  timestamp: 1692482380987
- kind: conda
  name: brotli-python
  version: 1.1.0
  build: py311h8715677_1
  build_number: 1
  subdir: linux-aarch64
  url: https://conda.anaconda.org/conda-forge/linux-aarch64/brotli-python-1.1.0-py311h8715677_1.conda
  sha256: f108fced985f7aa4457564c1e8f49cc5166d2e82bfdc120657c61888cd1f3a53
  md5: 22c060f41b1407ed9f40ce6468bdc338
  depends:
  - libgcc-ng >=12
  - libstdcxx-ng >=12
  - python >=3.11,<3.12.0a0
  - python >=3.11,<3.12.0a0 *_cpython
  - python_abi 3.11.* *_cp311
  constrains:
  - libbrotlicommon 1.1.0 h31becfc_1
  license: MIT
  license_family: MIT
  size: 355054
  timestamp: 1695990590279
- kind: conda
  name: brotli-python
  version: 1.1.0
  build: py311ha891d26_1
  build_number: 1
  subdir: osx-arm64
  url: https://conda.anaconda.org/conda-forge/osx-arm64/brotli-python-1.1.0-py311ha891d26_1.conda
  sha256: 2d78c79ccf2c17236c52ef217a4c34b762eb7908a6903d94439f787aac1c8f4b
  md5: 5e802b015e33447d1283d599d21f052b
  depends:
  - libcxx >=15.0.7
  - python >=3.11,<3.12.0a0
  - python >=3.11,<3.12.0a0 *_cpython
  - python_abi 3.11.* *_cp311
  constrains:
  - libbrotlicommon 1.1.0 hb547adb_1
  license: MIT
  license_family: MIT
  size: 343332
  timestamp: 1695991223439
- kind: conda
  name: bzip2
  version: 1.0.8
  build: h31becfc_5
  build_number: 5
  subdir: linux-aarch64
  url: https://conda.anaconda.org/conda-forge/linux-aarch64/bzip2-1.0.8-h31becfc_5.conda
  sha256: b9f170990625cb1eeefaca02e091dc009a64264b077166d8ed7aeb7a09e923b0
  md5: a64e35f01e0b7a2a152eca87d33b9c87
  depends:
  - libgcc-ng >=12
  license: bzip2-1.0.6
  license_family: BSD
  size: 189668
  timestamp: 1699280060686
- kind: conda
  name: bzip2
  version: 1.0.8
  build: h93a5062_5
  build_number: 5
  subdir: osx-arm64
  url: https://conda.anaconda.org/conda-forge/osx-arm64/bzip2-1.0.8-h93a5062_5.conda
  sha256: bfa84296a638bea78a8bb29abc493ee95f2a0218775642474a840411b950fe5f
  md5: 1bbc659ca658bfd49a481b5ef7a0f40f
  license: bzip2-1.0.6
  license_family: BSD
  size: 122325
  timestamp: 1699280294368
- kind: conda
  name: ca-certificates
  version: 2024.7.4
  build: hcefe29a_0
  subdir: linux-aarch64
  url: https://conda.anaconda.org/conda-forge/linux-aarch64/ca-certificates-2024.7.4-hcefe29a_0.conda
  sha256: 562bfc2608d82996a08e5b5b2366ed319a51ace6a2518a004ba672edca75fc23
  md5: c4c784a1336d72fff54f6b207f3dd75f
  license: ISC
  size: 154904
  timestamp: 1720078197019
- kind: conda
  name: ca-certificates
  version: 2024.7.4
  build: hf0a4a13_0
  subdir: osx-arm64
  url: https://conda.anaconda.org/conda-forge/osx-arm64/ca-certificates-2024.7.4-hf0a4a13_0.conda
  sha256: 33a61116dae7f369b6ce92a7f2a1ff361ae737c675a493b11feb5570b89e0e3b
  md5: 21f9a33e5fe996189e470c19c5354dbe
  license: ISC
  size: 154517
  timestamp: 1720077468981
- kind: conda
  name: cachetools
  version: 5.3.3
  build: pyhd8ed1ab_0
  subdir: noarch
  noarch: python
  url: https://conda.anaconda.org/conda-forge/noarch/cachetools-5.3.3-pyhd8ed1ab_0.conda
  sha256: 561b860cba68da76cab8c6504bb5bfb4756ecb2ec9f124d0c17e76caad4f6dfd
  md5: cd4c26c702a9bcdc70ff05b609ddacbe
  depends:
  - python >=3.7
  license: MIT
  license_family: MIT
  size: 14665
  timestamp: 1708987821240
- kind: conda
  name: certifi
  version: 2024.7.4
  build: pyhd8ed1ab_0
  subdir: noarch
  noarch: python
  url: https://conda.anaconda.org/conda-forge/noarch/certifi-2024.7.4-pyhd8ed1ab_0.conda
  sha256: dd3577bb5275062c388c46b075dcb795f47f8dac561da7dd35fe504b936934e5
  md5: 24e7fd6ca65997938fff9e5ab6f653e4
  depends:
  - python >=3.7
  license: ISC
  size: 159308
  timestamp: 1720458053074
- kind: conda
  name: cffi
  version: 1.16.0
  build: py311h4a08483_0
  subdir: osx-arm64
  url: https://conda.anaconda.org/conda-forge/osx-arm64/cffi-1.16.0-py311h4a08483_0.conda
  sha256: 9430416328fe2a28e206e703de771817064c8613a79a6a21fe7107f6a783104c
  md5: cbdde0484a47b40e6ce2a4e5aaeb48d7
  depends:
  - libffi >=3.4,<4.0a0
  - pycparser
  - python >=3.11,<3.12.0a0
  - python >=3.11,<3.12.0a0 *_cpython
  - python_abi 3.11.* *_cp311
  license: MIT
  license_family: MIT
  size: 292511
  timestamp: 1696002194472
- kind: conda
  name: cffi
  version: 1.16.0
  build: py311h7963103_0
  subdir: linux-aarch64
  url: https://conda.anaconda.org/conda-forge/linux-aarch64/cffi-1.16.0-py311h7963103_0.conda
  sha256: e5ed24fd673ac9b9576e301b3e0b5d9625a8149e780a5d7b319bf93c33a2c828
  md5: 724e9c95346e0545543124bd3237ed7a
  depends:
  - libffi >=3.4,<4.0a0
  - libgcc-ng >=12
  - pycparser
  - python >=3.11,<3.12.0a0
  - python_abi 3.11.* *_cp311
  license: MIT
  license_family: MIT
  size: 318926
  timestamp: 1696003134298
- kind: conda
  name: charset-normalizer
  version: 3.3.2
  build: pyhd8ed1ab_0
  subdir: noarch
  noarch: python
  url: https://conda.anaconda.org/conda-forge/noarch/charset-normalizer-3.3.2-pyhd8ed1ab_0.conda
  sha256: 20cae47d31fdd58d99c4d2e65fbdcefa0b0de0c84e455ba9d6356a4bdbc4b5b9
  md5: 7f4a9e3fcff3f6356ae99244a014da6a
  depends:
  - python >=3.7
  license: MIT
  license_family: MIT
  size: 46597
  timestamp: 1698833765762
- kind: conda
  name: exceptiongroup
  version: 1.2.2
  build: pyhd8ed1ab_0
  subdir: noarch
  noarch: python
  url: https://conda.anaconda.org/conda-forge/noarch/exceptiongroup-1.2.2-pyhd8ed1ab_0.conda
  sha256: e0edd30c4b7144406bb4da975e6bb97d6bc9c0e999aa4efe66ae108cada5d5b5
  md5: d02ae936e42063ca46af6cdad2dbd1e0
  depends:
  - python >=3.7
  license: MIT and PSF-2.0
  size: 20418
  timestamp: 1720869435725
- kind: conda
  name: h11
  version: 0.14.0
  build: pyhd8ed1ab_0
  subdir: noarch
  noarch: python
  url: https://conda.anaconda.org/conda-forge/noarch/h11-0.14.0-pyhd8ed1ab_0.tar.bz2
  sha256: 817d2c77d53afe3f3d9cf7f6eb8745cdd8ea76c7adaa9d7ced75c455a2c2c085
  md5: b21ed0883505ba1910994f1df031a428
  depends:
  - python >=3
  - typing_extensions
  license: MIT
  license_family: MIT
  size: 48251
  timestamp: 1664132995560
- kind: conda
  name: h2
  version: 4.1.0
  build: pyhd8ed1ab_0
  subdir: noarch
  noarch: python
  url: https://conda.anaconda.org/conda-forge/noarch/h2-4.1.0-pyhd8ed1ab_0.tar.bz2
  sha256: bfc6a23849953647f4e255c782e74a0e18fe16f7e25c7bb0bc57b83bb6762c7a
  md5: b748fbf7060927a6e82df7cb5ee8f097
  depends:
  - hpack >=4.0,<5
  - hyperframe >=6.0,<7
  - python >=3.6.1
  license: MIT
  license_family: MIT
  size: 46754
  timestamp: 1634280590080
- kind: conda
  name: hpack
  version: 4.0.0
  build: pyh9f0ad1d_0
  subdir: noarch
  noarch: python
  url: https://conda.anaconda.org/conda-forge/noarch/hpack-4.0.0-pyh9f0ad1d_0.tar.bz2
  sha256: 5dec948932c4f740674b1afb551223ada0c55103f4c7bf86a110454da3d27cb8
  md5: 914d6646c4dbb1fd3ff539830a12fd71
  depends:
  - python
  license: MIT
  license_family: MIT
  size: 25341
  timestamp: 1598856368685
- kind: conda
  name: httpcore
  version: 0.16.3
  build: pyhd8ed1ab_0
  subdir: noarch
  noarch: python
  url: https://conda.anaconda.org/conda-forge/noarch/httpcore-0.16.3-pyhd8ed1ab_0.conda
  sha256: 4711a6470d6cc97de6a01bcdadff52c7c61483e1fbb5cff2389b90c92687976a
  md5: 8279f7a8c4b485c47c4ef1b07dfb6442
  depends:
  - anyio >=3.0,<5.0
  - certifi
  - h11 >=0.13,<0.15
  - h2 >=3,<5
  - python >=3.7
  - sniffio 1.*
  license: BSD-3-Clause
  license_family: BSD
  size: 40306
  timestamp: 1671551207743
- kind: conda
  name: httpx
  version: 0.23.3
  build: pyhd8ed1ab_0
  subdir: noarch
  noarch: python
  url: https://conda.anaconda.org/conda-forge/noarch/httpx-0.23.3-pyhd8ed1ab_0.conda
  sha256: dcb5c86a20f9647ba657d783924b4920acb1f84e493dc49b31fa49525c751a47
  md5: 876c8fa1860f889bb47bccc528015ca7
  depends:
  - certifi
  - httpcore >=0.15.0,<0.17.0
  - idna
  - python >=3.8
  - rfc3986 >=1.3,<2
  - sniffio
  license: BSD-3-Clause
  license_family: BSD
  size: 61352
  timestamp: 1672850756197
- kind: conda
  name: hyperframe
  version: 6.0.1
  build: pyhd8ed1ab_0
  subdir: noarch
  noarch: python
  url: https://conda.anaconda.org/conda-forge/noarch/hyperframe-6.0.1-pyhd8ed1ab_0.tar.bz2
  sha256: e374a9d0f53149328134a8d86f5d72bca4c6dcebed3c0ecfa968c02996289330
  md5: 9f765cbfab6870c8435b9eefecd7a1f4
  depends:
  - python >=3.6
  license: MIT
  license_family: MIT
  size: 14646
  timestamp: 1619110249723
- kind: conda
  name: idna
  version: '3.7'
  build: pyhd8ed1ab_0
  subdir: noarch
  noarch: python
  url: https://conda.anaconda.org/conda-forge/noarch/idna-3.7-pyhd8ed1ab_0.conda
  sha256: 9687ee909ed46169395d4f99a0ee94b80a52f87bed69cd454bb6d37ffeb0ec7b
  md5: c0cc1420498b17414d8617d0b9f506ca
  depends:
  - python >=3.6
  license: BSD-3-Clause
  license_family: BSD
  size: 52718
  timestamp: 1713279497047
- kind: conda
  name: importlib-metadata
  version: 8.0.0
  build: pyha770c72_0
  subdir: noarch
  noarch: python
  url: https://conda.anaconda.org/conda-forge/noarch/importlib-metadata-8.0.0-pyha770c72_0.conda
  sha256: e40d7e71c37ec95df9a19d39f5bb7a567c325be3ccde06290a71400aab719cac
  md5: 3286556cdd99048d198f72c3f6f69103
  depends:
  - python >=3.8
  - zipp >=0.5
  license: Apache-2.0
  license_family: APACHE
  size: 27367
  timestamp: 1719361971438
- kind: conda
  name: ld_impl_linux-aarch64
  version: '2.40'
  build: h9fc2d93_7
  build_number: 7
  subdir: linux-aarch64
  url: https://conda.anaconda.org/conda-forge/linux-aarch64/ld_impl_linux-aarch64-2.40-h9fc2d93_7.conda
  sha256: 4a6c0bd77e125da8472bd73bba7cd4169a3ce4699b00a3893026ae8664b2387d
  md5: 1b0feef706f4d03eff0b76626ead64fc
  constrains:
  - binutils_impl_linux-aarch64 2.40
  license: GPL-3.0-only
  license_family: GPL
  size: 735885
  timestamp: 1718625653417
- kind: conda
  name: libcxx
  version: 18.1.8
  build: h167917d_0
  subdir: osx-arm64
  url: https://conda.anaconda.org/conda-forge/osx-arm64/libcxx-18.1.8-h167917d_0.conda
  sha256: a598062f2d1522fc3727c16620fbc2bc913c1069342671428a92fcf4eb02ec12
  md5: c891c2eeabd7d67fbc38e012cc6045d6
  depends:
  - __osx >=11.0
  license: Apache-2.0 WITH LLVM-exception
  license_family: Apache
  size: 1219441
  timestamp: 1720589623297
- kind: conda
  name: libffi
  version: 3.4.2
  build: h3422bc3_5
  build_number: 5
  subdir: osx-arm64
  url: https://conda.anaconda.org/conda-forge/osx-arm64/libffi-3.4.2-h3422bc3_5.tar.bz2
  sha256: 41b3d13efb775e340e4dba549ab5c029611ea6918703096b2eaa9c015c0750ca
  md5: 086914b672be056eb70fd4285b6783b6
  license: MIT
  license_family: MIT
  size: 39020
  timestamp: 1636488587153
- kind: conda
  name: libffi
  version: 3.4.2
  build: h3557bc0_5
  build_number: 5
  subdir: linux-aarch64
  url: https://conda.anaconda.org/conda-forge/linux-aarch64/libffi-3.4.2-h3557bc0_5.tar.bz2
  sha256: 7e9258a102480757fe3faeb225a3ca04dffd10fecd2a958c65cdb4cdf75f2c3c
  md5: dddd85f4d52121fab0a8b099c5e06501
  depends:
  - libgcc-ng >=9.4.0
  license: MIT
  license_family: MIT
  size: 59450
  timestamp: 1636488255090
- kind: conda
  name: libgcc-ng
  version: 14.1.0
  build: he277a41_0
  subdir: linux-aarch64
  url: https://conda.anaconda.org/conda-forge/linux-aarch64/libgcc-ng-14.1.0-he277a41_0.conda
  sha256: b9ca03216bc089c0c46f008bc6f447bc0df8dc826d9801fb4283e49fa89c877e
  md5: 47ecd1292a3fd78b616640b35dd9632c
  depends:
  - _openmp_mutex >=4.5
  constrains:
  - libgomp 14.1.0 he277a41_0
  license: GPL-3.0-only WITH GCC-exception-3.1
  license_family: GPL
  size: 532273
  timestamp: 1719547536460
- kind: conda
  name: libgomp
  version: 14.1.0
  build: he277a41_0
  subdir: linux-aarch64
  url: https://conda.anaconda.org/conda-forge/linux-aarch64/libgomp-14.1.0-he277a41_0.conda
  sha256: 11f326e49e0fb92c2a52e870c029fc26b4b6d3eb9414fa4374cb8496b231a730
  md5: 434ccc943b843117e4cebc97265f2504
  license: GPL-3.0-only WITH GCC-exception-3.1
  license_family: GPL
  size: 459535
  timestamp: 1719547432949
- kind: conda
  name: libnsl
  version: 2.0.1
  build: h31becfc_0
  subdir: linux-aarch64
  url: https://conda.anaconda.org/conda-forge/linux-aarch64/libnsl-2.0.1-h31becfc_0.conda
  sha256: fd18c2b75d7411096428d36a70b36b1a17e31f7b8956b6905d145792d49e97f8
  md5: c14f32510f694e3185704d89967ec422
  depends:
  - libgcc-ng >=12
  license: LGPL-2.1-only
  license_family: GPL
  size: 34501
  timestamp: 1697358973269
- kind: conda
  name: libsqlite
  version: 3.46.0
  build: hf51ef55_0
  subdir: linux-aarch64
  url: https://conda.anaconda.org/conda-forge/linux-aarch64/libsqlite-3.46.0-hf51ef55_0.conda
  sha256: 7b48d006be6cd089105687fb524a2c93c4218bfc398d0611340cafec55249977
  md5: a8ae63fd6fb7d007f74ef3df95e5edf3
  depends:
  - libgcc-ng >=12
  - libzlib >=1.2.13,<2.0a0
  license: Unlicense
  size: 1043861
  timestamp: 1718050586624
- kind: conda
  name: libsqlite
  version: 3.46.0
  build: hfb93653_0
  subdir: osx-arm64
  url: https://conda.anaconda.org/conda-forge/osx-arm64/libsqlite-3.46.0-hfb93653_0.conda
  sha256: 73048f9cb8647d3d3bfe6021c0b7d663e12cffbe9b4f31bd081e713b0a9ad8f9
  md5: 12300188028c9bc02da965128b91b517
  depends:
  - __osx >=11.0
  - libzlib >=1.2.13,<2.0a0
  license: Unlicense
  size: 830198
  timestamp: 1718050644825
- kind: conda
  name: libstdcxx-ng
  version: 14.1.0
  build: h3f4de04_0
  subdir: linux-aarch64
  url: https://conda.anaconda.org/conda-forge/linux-aarch64/libstdcxx-ng-14.1.0-h3f4de04_0.conda
  sha256: 4f2f35b78258d1a1e56b1b0e61091862c10ec76bf67ca1b0ff99dd5e07e76271
  md5: 2f84852b723ac4389eb188db695526bb
  depends:
  - libgcc-ng 14.1.0 he277a41_0
  license: GPL-3.0-only WITH GCC-exception-3.1
  license_family: GPL
  size: 3805250
  timestamp: 1719547563542
- kind: conda
  name: libuuid
  version: 2.38.1
  build: hb4cce97_0
  subdir: linux-aarch64
  url: https://conda.anaconda.org/conda-forge/linux-aarch64/libuuid-2.38.1-hb4cce97_0.conda
  sha256: 616277b0c5f7616c2cdf36f6c316ea3f9aa5bb35f2d4476a349ab58b9b91675f
  md5: 000e30b09db0b7c775b21695dff30969
  depends:
  - libgcc-ng >=12
  license: BSD-3-Clause
  license_family: BSD
  size: 35720
  timestamp: 1680113474501
- kind: conda
  name: libzlib
  version: 1.3.1
  build: h68df207_1
  build_number: 1
  subdir: linux-aarch64
  url: https://conda.anaconda.org/conda-forge/linux-aarch64/libzlib-1.3.1-h68df207_1.conda
  sha256: 0d6dfd1e36e10c205ff1fdcf42d42289ff0f50be7a4eaa7b34f086a5e22a0734
  md5: b13fb82f88902e34dd0638cd7d378c21
  depends:
  - libgcc-ng >=12
  constrains:
  - zlib 1.3.1 *_1
  license: Zlib
  license_family: Other
  size: 67199
  timestamp: 1716874136348
- kind: conda
  name: libzlib
  version: 1.3.1
  build: hfb2fe0b_1
  build_number: 1
  subdir: osx-arm64
  url: https://conda.anaconda.org/conda-forge/osx-arm64/libzlib-1.3.1-hfb2fe0b_1.conda
  sha256: c34365dd37b0eab27b9693af32a1f7f284955517c2cc91f1b88a7ef4738ff03e
  md5: 636077128927cf79fd933276dc3aed47
  depends:
  - __osx >=11.0
  constrains:
  - zlib 1.3.1 *_1
  license: Zlib
  license_family: Other
  size: 46921
  timestamp: 1716874262512
- kind: conda
  name: ncurses
  version: '6.5'
  build: h0425590_0
  subdir: linux-aarch64
  url: https://conda.anaconda.org/conda-forge/linux-aarch64/ncurses-6.5-h0425590_0.conda
  sha256: f8002feaa9e0eb929cd123f1275d8c0b3c6ffb7fd9269b192927009df19dc89e
  md5: 38362af7bfac0efef69675acee564458
  depends:
  - libgcc-ng >=12
  license: X11 AND BSD-3-Clause
  size: 925099
  timestamp: 1715194843316
- kind: conda
  name: ncurses
  version: '6.5'
  build: hb89a1cb_0
  subdir: osx-arm64
  url: https://conda.anaconda.org/conda-forge/osx-arm64/ncurses-6.5-hb89a1cb_0.conda
  sha256: 87d7cf716d9d930dab682cb57b3b8d3a61940b47d6703f3529a155c938a6990a
  md5: b13ad5724ac9ae98b6b4fd87e4500ba4
  license: X11 AND BSD-3-Clause
  size: 795131
  timestamp: 1715194898402
- kind: conda
  name: openssl
  version: 3.3.1
  build: h68df207_1
  build_number: 1
  subdir: linux-aarch64
  url: https://conda.anaconda.org/conda-forge/linux-aarch64/openssl-3.3.1-h68df207_1.conda
  sha256: 6923774922da4e974e561e1603e97d25ea2445b78db709493e72d140183abec2
  md5: 8349df397000d7a7acb514d97879fe09
  depends:
  - ca-certificates
  - libgcc-ng >=12
  constrains:
  - pyopenssl >=22.1
  license: Apache-2.0
  license_family: Apache
  size: 3421944
  timestamp: 1719364110495
- kind: conda
  name: openssl
  version: 3.3.1
  build: hfb2fe0b_1
  build_number: 1
  subdir: osx-arm64
  url: https://conda.anaconda.org/conda-forge/osx-arm64/openssl-3.3.1-hfb2fe0b_1.conda
  sha256: 3ab411856c3bef88595473f0dd86e82de4f913f88319548acf262d5b1175b050
  md5: c665dec48e08311096823956642a501c
  depends:
  - __osx >=11.0
  - ca-certificates
  constrains:
  - pyopenssl >=22.1
  license: Apache-2.0
  license_family: Apache
  size: 2897767
  timestamp: 1719363723462
- kind: conda
  name: psutil
  version: 6.0.0
  build: py311hd3f4193_0
  subdir: osx-arm64
  url: https://conda.anaconda.org/conda-forge/osx-arm64/psutil-6.0.0-py311hd3f4193_0.conda
  sha256: 984318469265162206090199a756db2f327dada39b050c9878534663b3eb6268
  md5: 3cfef0112ab97269edb8fd98afc78288
  depends:
  - __osx >=11.0
  - python >=3.11,<3.12.0a0
  - python >=3.11,<3.12.0a0 *_cpython
  - python_abi 3.11.* *_cp311
  license: BSD-3-Clause
  license_family: BSD
  size: 517029
  timestamp: 1719274800839
- kind: conda
  name: psutil
  version: 6.0.0
  build: py311hf4892ed_0
  subdir: linux-aarch64
  url: https://conda.anaconda.org/conda-forge/linux-aarch64/psutil-6.0.0-py311hf4892ed_0.conda
  sha256: 3fcd63c82076604fd1bd79221e2bee018a6bb61168c3052aef1a33bfb693bfb8
  md5: 1ceceb3d0ae50d65742cf075f2185cce
  depends:
  - libgcc-ng >=12
  - python >=3.11,<3.12.0a0
  - python >=3.11,<3.12.0a0 *_cpython
  - python_abi 3.11.* *_cp311
  license: BSD-3-Clause
  license_family: BSD
  size: 511831
  timestamp: 1719274818429
- kind: conda
  name: pycparser
  version: '2.22'
  build: pyhd8ed1ab_0
  subdir: noarch
  noarch: python
  url: https://conda.anaconda.org/conda-forge/noarch/pycparser-2.22-pyhd8ed1ab_0.conda
  sha256: 406001ebf017688b1a1554b49127ca3a4ac4626ec0fd51dc75ffa4415b720b64
  md5: 844d9eb3b43095b031874477f7d70088
  depends:
  - python >=3.8
  license: BSD-3-Clause
  license_family: BSD
  size: 105098
  timestamp: 1711811634025
- kind: conda
  name: pysocks
  version: 1.7.1
  build: pyha2e5f31_6
  build_number: 6
  subdir: noarch
  noarch: python
  url: https://conda.anaconda.org/conda-forge/noarch/pysocks-1.7.1-pyha2e5f31_6.tar.bz2
  sha256: a42f826e958a8d22e65b3394f437af7332610e43ee313393d1cf143f0a2d274b
  md5: 2a7de29fb590ca14b5243c4c812c8025
  depends:
  - __unix
  - python >=3.8
  license: BSD-3-Clause
  license_family: BSD
  size: 18981
  timestamp: 1661604969727
- kind: conda
  name: python
  version: 3.11.0
  build: h3ba56d0_1_cpython
  build_number: 1
  subdir: osx-arm64
  url: https://conda.anaconda.org/conda-forge/osx-arm64/python-3.11.0-h3ba56d0_1_cpython.conda
  sha256: 28a54d78cd2624a12bd2ceb0f1816b0cba9b4fd97df846b5843b3c1d51642ab2
  md5: 2aa7ca3702d9afd323ca34a9d98879d1
  depends:
  - bzip2 >=1.0.8,<2.0a0
  - libffi >=3.4,<4.0a0
  - libsqlite >=3.40.0,<4.0a0
  - libzlib >=1.2.13,<2.0.0a0
  - ncurses >=6.3,<7.0a0
  - openssl >=3.0.7,<4.0a0
  - readline >=8.1.2,<9.0a0
  - tk >=8.6.12,<8.7.0a0
  - tzdata
  - xz >=5.2.6,<6.0a0
  constrains:
  - python_abi 3.11.* *_cp311
  license: Python-2.0
  size: 14492975
  timestamp: 1673699560906
- kind: conda
  name: python
  version: 3.11.0
  build: ha43d526_1_cpython
  build_number: 1
  subdir: linux-aarch64
  url: https://conda.anaconda.org/conda-forge/linux-aarch64/python-3.11.0-ha43d526_1_cpython.conda
  sha256: 88a786ac9fbf6d5b1e35036f0cb1e7dad694b3be9fa79dd6a71afa954bf02ae3
  md5: e537239a305ab94925b6cd226cd523da
  depends:
  - bzip2 >=1.0.8,<2.0a0
  - ld_impl_linux-aarch64 >=2.36.1
  - libffi >=3.4,<4.0a0
  - libgcc-ng >=12
  - libnsl >=2.0.0,<2.1.0a0
  - libsqlite >=3.40.0,<4.0a0
  - libuuid >=2.32.1,<3.0a0
  - libzlib >=1.2.13,<2.0.0a0
  - ncurses >=6.3,<7.0a0
  - openssl >=3.0.7,<4.0a0
  - readline >=8.1.2,<9.0a0
  - tk >=8.6.12,<8.7.0a0
  - tzdata
  - xz >=5.2.6,<6.0a0
  constrains:
  - python_abi 3.11.* *_cp311
  license: Python-2.0
  size: 15349465
  timestamp: 1673672639101
- kind: conda
  name: python-dateutil
  version: 2.9.0
  build: pyhd8ed1ab_0
  subdir: noarch
  noarch: python
  url: https://conda.anaconda.org/conda-forge/noarch/python-dateutil-2.9.0-pyhd8ed1ab_0.conda
  sha256: f3ceef02ac164a8d3a080d0d32f8e2ebe10dd29e3a685d240e38b3599e146320
  md5: 2cf4264fffb9e6eff6031c5b6884d61c
  depends:
  - python >=3.7
  - six >=1.5
  license: Apache-2.0
  license_family: APACHE
  size: 222742
  timestamp: 1709299922152
- kind: conda
  name: python-telegram-bot
  version: '13.15'
  build: pyhd8ed1ab_0
  subdir: noarch
  noarch: python
  url: https://conda.anaconda.org/conda-forge/noarch/python-telegram-bot-13.15-pyhd8ed1ab_0.conda
  sha256: f794be34c462cc183ef9e70eae911f39b7974bdf5c3f78b30b5939a519ec63d6
  md5: 3e55ed463a31c5504072017e46c3aecc
  depends:
  - httpx >=0.23.1,<0.24
  - python >=3.7
  license: LGPL-3.0-only
  license_family: GPL
  size: 270471
  timestamp: 1670412753261
- kind: conda
  name: python_abi
  version: '3.11'
  build: 4_cp311
  build_number: 4
  subdir: linux-aarch64
  url: https://conda.anaconda.org/conda-forge/linux-aarch64/python_abi-3.11-4_cp311.conda
  sha256: 135a21de5721a2667613529b4ac50a9454979bf969fa99d74b6e5ad9a4ff284d
  md5: 89983f987dfee288f94ddb2ee550ea60
  constrains:
  - python 3.11.* *_cpython
  license: BSD-3-Clause
  license_family: BSD
  size: 6384
  timestamp: 1695147390555
- kind: conda
  name: python_abi
  version: '3.11'
  build: 4_cp311
  build_number: 4
  subdir: osx-arm64
  url: https://conda.anaconda.org/conda-forge/osx-arm64/python_abi-3.11-4_cp311.conda
  sha256: 4837089c477b9b84fa38a17f453e6634e68237267211b27a8a2f5ccd847f4e55
  md5: 8d3751bc73d3bbb66f216fa2331d5649
  constrains:
  - python 3.11.* *_cpython
  license: BSD-3-Clause
  license_family: BSD
  size: 6492
  timestamp: 1695147509940
- kind: conda
  name: pytz
  version: '2024.1'
  build: pyhd8ed1ab_0
  subdir: noarch
  noarch: python
  url: https://conda.anaconda.org/conda-forge/noarch/pytz-2024.1-pyhd8ed1ab_0.conda
  sha256: 1a7d6b233f7e6e3bbcbad054c8fd51e690a67b129a899a056a5e45dd9f00cb41
  md5: 3eeeeb9e4827ace8c0c1419c85d590ad
  depends:
  - python >=3.7
  license: MIT
  license_family: MIT
  size: 188538
  timestamp: 1706886944988
- kind: conda
  name: pyyaml
  version: 6.0.1
  build: py311hcd402e7_1
  build_number: 1
  subdir: linux-aarch64
  url: https://conda.anaconda.org/conda-forge/linux-aarch64/pyyaml-6.0.1-py311hcd402e7_1.conda
  sha256: bee3c9c09f9d099a4e5c49a274160c25f5a5b7d0e1faf16a3348b2704351e620
  md5: 78775409be46d19acb2b453f1f2c4757
  depends:
  - libgcc-ng >=12
  - python >=3.11,<3.12.0a0
  - python >=3.11,<3.12.0a0 *_cpython
  - python_abi 3.11.* *_cp311
  - yaml >=0.2.5,<0.3.0a0
  license: MIT
  license_family: MIT
  size: 193459
  timestamp: 1695373744445
- kind: conda
  name: pyyaml
  version: 6.0.1
  build: py311heffc1b2_1
  build_number: 1
  subdir: osx-arm64
  url: https://conda.anaconda.org/conda-forge/osx-arm64/pyyaml-6.0.1-py311heffc1b2_1.conda
  sha256: b155f5c27f0e2951256774628c4b91fdeee3267018eef29897a74e3d1316c8b0
  md5: d310bfbb8230b9175c0cbc10189ad804
  depends:
  - python >=3.11,<3.12.0a0
  - python >=3.11,<3.12.0a0 *_cpython
  - python_abi 3.11.* *_cp311
  - yaml >=0.2.5,<0.3.0a0
  license: MIT
  license_family: MIT
  size: 187795
  timestamp: 1695373829282
- kind: conda
  name: readline
  version: '8.2'
  build: h8fc344f_1
  build_number: 1
  subdir: linux-aarch64
  url: https://conda.anaconda.org/conda-forge/linux-aarch64/readline-8.2-h8fc344f_1.conda
  sha256: 4c99f7417419734e3797d45bc355e61c26520e111893b0d7087a01a7fbfbe3dd
  md5: 105eb1e16bf83bfb2eb380a48032b655
  depends:
  - libgcc-ng >=12
  - ncurses >=6.3,<7.0a0
  license: GPL-3.0-only
  license_family: GPL
  size: 294092
  timestamp: 1679532238805
- kind: conda
  name: readline
  version: '8.2'
  build: h92ec313_1
  build_number: 1
  subdir: osx-arm64
  url: https://conda.anaconda.org/conda-forge/osx-arm64/readline-8.2-h92ec313_1.conda
  sha256: a1dfa679ac3f6007362386576a704ad2d0d7a02e98f5d0b115f207a2da63e884
  md5: 8cbb776a2f641b943d413b3e19df71f4
  depends:
  - ncurses >=6.3,<7.0a0
  license: GPL-3.0-only
  license_family: GPL
  size: 250351
  timestamp: 1679532511311
- kind: conda
  name: requests
  version: 2.32.3
  build: pyhd8ed1ab_0
  subdir: noarch
  noarch: python
  url: https://conda.anaconda.org/conda-forge/noarch/requests-2.32.3-pyhd8ed1ab_0.conda
  sha256: 5845ffe82a6fa4d437a2eae1e32a1ad308d7ad349f61e337c0a890fe04c513cc
  md5: 5ede4753180c7a550a443c430dc8ab52
  depends:
  - certifi >=2017.4.17
  - charset-normalizer >=2,<4
  - idna >=2.5,<4
  - python >=3.8
  - urllib3 >=1.21.1,<3
  constrains:
  - chardet >=3.0.2,<6
  license: Apache-2.0
  license_family: APACHE
  size: 58810
  timestamp: 1717057174842
- kind: conda
  name: rfc3986
  version: 1.5.0
  build: pyhd8ed1ab_0
  subdir: noarch
  noarch: python
  url: https://conda.anaconda.org/conda-forge/noarch/rfc3986-1.5.0-pyhd8ed1ab_0.tar.bz2
  sha256: ba27ce701f043d1281ca015f2c58850c384435da0effc698e131891c2067a1f0
  md5: ee18e8644b953e8900282b2ef2a8c5a1
  depends:
  - python >=3.4
  license: Apache-2.0
  license_family: APACHE
  size: 34029
  timestamp: 1620442580513
- kind: conda
  name: six
  version: 1.16.0
  build: pyh6c4a22f_0
  subdir: noarch
  noarch: python
  url: https://conda.anaconda.org/conda-forge/noarch/six-1.16.0-pyh6c4a22f_0.tar.bz2
  sha256: a85c38227b446f42c5b90d9b642f2c0567880c15d72492d8da074a59c8f91dd6
  md5: e5f25f8dbc060e9a8d912e432202afc2
  depends:
  - python
  license: MIT
  license_family: MIT
  size: 14259
  timestamp: 1620240338595
- kind: conda
  name: sniffio
  version: 1.3.1
  build: pyhd8ed1ab_0
  subdir: noarch
  noarch: python
  url: https://conda.anaconda.org/conda-forge/noarch/sniffio-1.3.1-pyhd8ed1ab_0.conda
  sha256: bc12100b2d8836b93c55068b463190505b8064d0fc7d025e89f20ebf22fe6c2b
  md5: 490730480d76cf9c8f8f2849719c6e2b
  depends:
  - python >=3.7
  license: Apache-2.0
  license_family: Apache
  size: 15064
  timestamp: 1708953086199
- kind: conda
  name: tk
  version: 8.6.13
  build: h194ca79_0
  subdir: linux-aarch64
  url: https://conda.anaconda.org/conda-forge/linux-aarch64/tk-8.6.13-h194ca79_0.conda
  sha256: 7fa27cc512d3a783f38bd16bbbffc008807372499d5b65d089a8e43bde9db267
  md5: f75105e0585851f818e0009dd1dde4dc
  depends:
  - libgcc-ng >=12
  - libzlib >=1.2.13,<2.0.0a0
  license: TCL
  license_family: BSD
  size: 3351802
  timestamp: 1695506242997
- kind: conda
  name: tk
  version: 8.6.13
  build: h5083fa2_1
  build_number: 1
  subdir: osx-arm64
  url: https://conda.anaconda.org/conda-forge/osx-arm64/tk-8.6.13-h5083fa2_1.conda
  sha256: 72457ad031b4c048e5891f3f6cb27a53cb479db68a52d965f796910e71a403a8
  md5: b50a57ba89c32b62428b71a875291c9b
  depends:
  - libzlib >=1.2.13,<2.0.0a0
  license: TCL
  license_family: BSD
  size: 3145523
  timestamp: 1699202432999
- kind: conda
  name: tornado
  version: 6.4.1
  build: py311h323e239_0
  subdir: linux-aarch64
  url: https://conda.anaconda.org/conda-forge/linux-aarch64/tornado-6.4.1-py311h323e239_0.conda
  sha256: 79c55cead884fd75ef1a64e26fd010040eec176a2d68cb3b5b586bef278accc6
  md5: 8a9c05086dbc79ae0a8d63e6d79b71d6
  depends:
  - libgcc-ng >=12
  - python >=3.11,<3.12.0a0
  - python_abi 3.11.* *_cp311
  license: Apache-2.0
  license_family: Apache
  size: 858255
  timestamp: 1717724042790
- kind: conda
  name: tornado
  version: 6.4.1
  build: py311hd3f4193_0
  subdir: osx-arm64
  url: https://conda.anaconda.org/conda-forge/osx-arm64/tornado-6.4.1-py311hd3f4193_0.conda
  sha256: 4924c617390d88a6f85879b2892a42b3feeea4d1e5fb2f23b2175eeb2b41c7f2
  md5: 180f7d621916cb04e655d4eda068f4bc
  depends:
  - __osx >=11.0
  - python >=3.11,<3.12.0a0
  - python >=3.11,<3.12.0a0 *_cpython
  - python_abi 3.11.* *_cp311
  license: Apache-2.0
  license_family: Apache
  size: 857353
  timestamp: 1717722957594
- kind: conda
  name: typing_extensions
  version: 4.12.2
  build: pyha770c72_0
  subdir: noarch
  noarch: python
  url: https://conda.anaconda.org/conda-forge/noarch/typing_extensions-4.12.2-pyha770c72_0.conda
  sha256: 0fce54f8ec3e59f5ef3bb7641863be4e1bf1279623e5af3d3fa726e8f7628ddb
  md5: ebe6952715e1d5eb567eeebf25250fa7
  depends:
  - python >=3.8
  license: PSF-2.0
  license_family: PSF
  size: 39888
  timestamp: 1717802653893
- kind: conda
  name: tzdata
  version: 2024a
  build: h0c530f3_0
  subdir: noarch
  noarch: generic
  url: https://conda.anaconda.org/conda-forge/noarch/tzdata-2024a-h0c530f3_0.conda
  sha256: 7b2b69c54ec62a243eb6fba2391b5e443421608c3ae5dbff938ad33ca8db5122
  md5: 161081fc7cec0bfda0d86d7cb595f8d8
  license: LicenseRef-Public-Domain
  size: 119815
  timestamp: 1706886945727
- kind: conda
  name: tzlocal
  version: '5.2'
  build: py311h267d04e_0
  subdir: osx-arm64
  url: https://conda.anaconda.org/conda-forge/osx-arm64/tzlocal-5.2-py311h267d04e_0.conda
  sha256: fbfa365d4905abb1be1e9a89e9ac39a307b7a2af9fc0f3cae5a3973dec3340a4
  md5: 2405129e99547aecd0725d9a8edf96f0
  depends:
  - python >=3.11,<3.12.0a0
  - python >=3.11,<3.12.0a0 *_cpython
  - python_abi 3.11.* *_cp311
  license: MIT
  license_family: MIT
  size: 42436
  timestamp: 1698013285254
- kind: conda
  name: tzlocal
  version: '5.2'
  build: py311hec3470c_0
  subdir: linux-aarch64
  url: https://conda.anaconda.org/conda-forge/linux-aarch64/tzlocal-5.2-py311hec3470c_0.conda
  sha256: 7f7fda3201b19ed055d3c4a8327c65eaa148908520fb1b8f7614f56635ca2bd7
  md5: 352bb3c487049f50a4ec5d2205f511a8
  depends:
  - python >=3.11,<3.12.0a0
  - python >=3.11,<3.12.0a0 *_cpython
  - python_abi 3.11.* *_cp311
  license: MIT
  license_family: MIT
  size: 41861
  timestamp: 1698013218839
- kind: conda
  name: urllib3
  version: 2.2.2
  build: pyhd8ed1ab_1
  build_number: 1
  subdir: noarch
  noarch: python
  url: https://conda.anaconda.org/conda-forge/noarch/urllib3-2.2.2-pyhd8ed1ab_1.conda
  sha256: 00c47c602c03137e7396f904eccede8cc64cc6bad63ce1fc355125df8882a748
  md5: e804c43f58255e977093a2298e442bb8
  depends:
  - brotli-python >=1.0.9
  - h2 >=4,<5
  - pysocks >=1.5.6,<2.0,!=1.5.7
  - python >=3.8
  - zstandard >=0.18.0
  license: MIT
  license_family: MIT
  size: 95048
  timestamp: 1719391384778
- kind: conda
  name: xz
  version: 5.2.6
  build: h57fd34a_0
  subdir: osx-arm64
  url: https://conda.anaconda.org/conda-forge/osx-arm64/xz-5.2.6-h57fd34a_0.tar.bz2
  sha256: 59d78af0c3e071021cfe82dc40134c19dab8cdf804324b62940f5c8cd71803ec
  md5: 39c6b54e94014701dd157f4f576ed211
  license: LGPL-2.1 and GPL-2.0
  size: 235693
  timestamp: 1660346961024
- kind: conda
  name: xz
  version: 5.2.6
  build: h9cdd2b7_0
  subdir: linux-aarch64
  url: https://conda.anaconda.org/conda-forge/linux-aarch64/xz-5.2.6-h9cdd2b7_0.tar.bz2
  sha256: 93f58a7b393adf41fa007ac8c55978765e957e90cd31877ece1e5a343cb98220
  md5: 83baad393a31d59c20b63ba4da6592df
  depends:
  - libgcc-ng >=12
  license: LGPL-2.1 and GPL-2.0
  size: 440555
  timestamp: 1660348056328
- kind: conda
  name: yaml
  version: 0.2.5
  build: h3422bc3_2
  build_number: 2
  subdir: osx-arm64
  url: https://conda.anaconda.org/conda-forge/osx-arm64/yaml-0.2.5-h3422bc3_2.tar.bz2
  sha256: 93181a04ba8cfecfdfb162fc958436d868cc37db504c58078eab4c1a3e57fbb7
  md5: 4bb3f014845110883a3c5ee811fd84b4
  license: MIT
  license_family: MIT
  size: 88016
  timestamp: 1641347076660
- kind: conda
  name: yaml
  version: 0.2.5
  build: hf897c2e_2
  build_number: 2
  subdir: linux-aarch64
  url: https://conda.anaconda.org/conda-forge/linux-aarch64/yaml-0.2.5-hf897c2e_2.tar.bz2
  sha256: 8bc601d6dbe249eba44b3c456765265cd8f42ef1e778f8df9b0c9c88b8558d7e
  md5: b853307650cb226731f653aa623936a4
  depends:
  - libgcc-ng >=9.4.0
  license: MIT
  license_family: MIT
  size: 92927
  timestamp: 1641347626613
- kind: conda
  name: zipp
  version: 3.19.2
  build: pyhd8ed1ab_0
  subdir: noarch
  noarch: python
  url: https://conda.anaconda.org/conda-forge/noarch/zipp-3.19.2-pyhd8ed1ab_0.conda
  sha256: e3e9c8501f581bfdc4700b83ea283395e237ec6b9b5cbfbedb556e1da6f4fdc9
  md5: 49808e59df5535116f6878b2a820d6f4
  depends:
  - python >=3.8
  license: MIT
  license_family: MIT
  size: 20917
  timestamp: 1718013395428
- kind: conda
  name: zstandard
  version: 0.22.0
  build: py311h4a6b76e_1
  build_number: 1
  subdir: osx-arm64
  url: https://conda.anaconda.org/conda-forge/osx-arm64/zstandard-0.22.0-py311h4a6b76e_1.conda
  sha256: b7b86382936a604d58af2706933c743c124bd9078054e13e6b76d57807596613
  md5: 34b2bd2270fd11f9926e0498c0c87a05
  depends:
  - __osx >=11.0
  - cffi >=1.11
  - python >=3.11,<3.12.0a0
  - python >=3.11,<3.12.0a0 *_cpython
  - python_abi 3.11.* *_cp311
  - zstd >=1.5.6,<1.5.7.0a0
  - zstd >=1.5.6,<1.6.0a0
  license: BSD-3-Clause
  license_family: BSD
  size: 332160
  timestamp: 1718866671859
- kind: conda
  name: zstandard
  version: 0.22.0
  build: py311h8938cd4_1
  build_number: 1
  subdir: linux-aarch64
  url: https://conda.anaconda.org/conda-forge/linux-aarch64/zstandard-0.22.0-py311h8938cd4_1.conda
  sha256: 9bbc4b96c2066e02253742c0e490e7d91bb28d5684d4e4319de65799bcf463c8
  md5: 6e0a81089ef3759c8b7d0b2764b4eb46
  depends:
  - cffi >=1.11
  - libgcc-ng >=12
  - python >=3.11,<3.12.0a0
  - python >=3.11,<3.12.0a0 *_cpython
  - python_abi 3.11.* *_cp311
  - zstd >=1.5.6,<1.5.7.0a0
  - zstd >=1.5.6,<1.6.0a0
  license: BSD-3-Clause
  license_family: BSD
  size: 391893
  timestamp: 1718866538755
- kind: conda
  name: zstd
  version: 1.5.6
  build: h02f22dd_0
  subdir: linux-aarch64
  url: https://conda.anaconda.org/conda-forge/linux-aarch64/zstd-1.5.6-h02f22dd_0.conda
  sha256: 484f9d0722c77685ae379fbff3ccd662af9ead7e59eb39cd6d0c677cdf25ff6c
  md5: be8d5f8cf21aed237b8b182ea86b3dd6
  depends:
  - libgcc-ng >=12
  - libstdcxx-ng >=12
  - libzlib >=1.2.13,<2.0.0a0
  license: BSD-3-Clause
  license_family: BSD
  size: 539937
  timestamp: 1714723130243
- kind: conda
  name: zstd
  version: 1.5.6
  build: hb46c0d2_0
  subdir: osx-arm64
  url: https://conda.anaconda.org/conda-forge/osx-arm64/zstd-1.5.6-hb46c0d2_0.conda
  sha256: 2d4fd1ff7ee79cd954ca8e81abf11d9d49954dd1fef80f27289e2402ae9c2e09
  md5: d96942c06c3e84bfcc5efb038724a7fd
  depends:
  - __osx >=11.0
  - libzlib >=1.2.13,<2.0.0a0
  license: BSD-3-Clause
  license_family: BSD
  size: 405089
  timestamp: 1714723101397
